
Microsoft Visual Studio Solution File, Format Version 12.00
# Visual Studio Version 17
VisualStudioVersion = 17.11.35219.272
MinimumVisualStudioVersion = 10.0.40219.1
Project("{FAE04EC0-301F-11D3-BF4B-00C04F79EFBC}") = "CS-MinimalApi-EF-Example", "CS-MinimalApi-EF-Example\CS-MinimalApi-EF-Example.csproj", "{B367970E-84E5-4D5E-B898-56CA249AAD5F}"
EndProject
Global
	GlobalSection(SolutionConfigurationPlatforms) = preSolution
		Debug|Any CPU = Debug|Any CPU
		Release|Any CPU = Release|Any CPU
	EndGlobalSection
	GlobalSection(ProjectConfigurationPlatforms) = postSolution
		{B367970E-84E5-4D5E-B898-56CA249AAD5F}.Debug|Any CPU.ActiveCfg = Debug|Any CPU
		{B367970E-84E5-4D5E-B898-56CA249AAD5F}.Debug|Any CPU.Build.0 = Debug|Any CPU
		{B367970E-84E5-4D5E-B898-56CA249AAD5F}.Release|Any CPU.ActiveCfg = Release|Any CPU
		{B367970E-84E5-4D5E-B898-56CA249AAD5F}.Release|Any CPU.Build.0 = Release|Any CPU
	EndGlobalSection
	GlobalSection(SolutionProperties) = preSolution
		HideSolutionNode = FALSE
	EndGlobalSection
	GlobalSection(ExtensibilityGlobals) = postSolution
		SolutionGuid = {675FB06C-236A-4BD2-9FEF-36CC3F8B7500}
	EndGlobalSection
EndGlobal
